
Microsoft Visual Studio Solution File, Format Version 12.00
# Visual Studio 15
VisualStudioVersion = 15.0.28010.2041
MinimumVisualStudioVersion = 10.0.40219.1
Project("{9A19103F-16F7-4668-BE54-9A1E7A4F7556}") = "WebApplication5", "WebApplication5\WebApplication5.csproj", "{99088669-9E80-4F62-B2E3-AF52D46D7829}"
EndProject
Project("{9A19103F-16F7-4668-BE54-9A1E7A4F7556}") = "EntityFrameworkUI", "WebApplication1\EntityFrameworkUI.csproj", "{49F57388-06B9-4F0C-8CA1-4B6400CFC104}"
EndProject
Global
	GlobalSection(SolutionConfigurationPlatforms) = preSolution
		Debug|Any CPU = Debug|Any CPU
		Release|Any CPU = Release|Any CPU
	EndGlobalSection
	GlobalSection(ProjectConfigurationPlatforms) = postSolution
		{99088669-9E80-4F62-B2E3-AF52D46D7829}.Debug|Any CPU.ActiveCfg = Debug|Any CPU
		{99088669-9E80-4F62-B2E3-AF52D46D7829}.Debug|Any CPU.Build.0 = Debug|Any CPU
		{99088669-9E80-4F62-B2E3-AF52D46D7829}.Release|Any CPU.ActiveCfg = Release|Any CPU
		{99088669-9E80-4F62-B2E3-AF52D46D7829}.Release|Any CPU.Build.0 = Release|Any CPU
		{49F57388-06B9-4F0C-8CA1-4B6400CFC104}.Debug|Any CPU.ActiveCfg = Debug|Any CPU
		{49F57388-06B9-4F0C-8CA1-4B6400CFC104}.Debug|Any CPU.Build.0 = Debug|Any CPU
		{49F57388-06B9-4F0C-8CA1-4B6400CFC104}.Release|Any CPU.ActiveCfg = Release|Any CPU
		{49F57388-06B9-4F0C-8CA1-4B6400CFC104}.Release|Any CPU.Build.0 = Release|Any CPU
	EndGlobalSection
	GlobalSection(SolutionProperties) = preSolution
		HideSolutionNode = FALSE
	EndGlobalSection
	GlobalSection(ExtensibilityGlobals) = postSolution
		SolutionGuid = {F6E5A86C-012A-4332-AF39-56E55F155A6C}
	EndGlobalSection
EndGlobal
